
Microsoft Visual Studio Solution File, Format Version 12.00
# Visual Studio Version 16
VisualStudioVersion = 16.0.31424.327
MinimumVisualStudioVersion = 10.0.40219.1
Project("{FAE04EC0-301F-11D3-BF4B-00C04F79EFBC}") = "OSKruh", "OSKruh.csproj", "{B909AEDB-FE1D-4890-8DC5-6C38ADE89401}"
EndProject
Global
	GlobalSection(SolutionConfigurationPlatforms) = preSolution
		Debug|Any CPU = Debug|Any CPU
		Release|Any CPU = Release|Any CPU
	EndGlobalSection
	GlobalSection(ProjectConfigurationPlatforms) = postSolution
		{B909AEDB-FE1D-4890-8DC5-6C38ADE89401}.Debug|Any CPU.ActiveCfg = Debug|Any CPU
		{B909AEDB-FE1D-4890-8DC5-6C38ADE89401}.Debug|Any CPU.Build.0 = Debug|Any CPU
		{B909AEDB-FE1D-4890-8DC5-6C38ADE89401}.Release|Any CPU.ActiveCfg = Release|Any CPU
		{B909AEDB-FE1D-4890-8DC5-6C38ADE89401}.Release|Any CPU.Build.0 = Release|Any CPU
	EndGlobalSection
	GlobalSection(SolutionProperties) = preSolution
		HideSolutionNode = FALSE
	EndGlobalSection
	GlobalSection(ExtensibilityGlobals) = postSolution
		SolutionGuid = {94917CD3-5E55-4785-88A0-1CAE754FDFEA}
	EndGlobalSection
EndGlobal
